
Microsoft Visual Studio Solution File, Format Version 12.00
# Visual Studio Version 17
VisualStudioVersion = 17.8.34525.116
MinimumVisualStudioVersion = 10.0.40219.1
Project("{FAE04EC0-301F-11D3-BF4B-00C04F79EFBC}") = "GELECEGE_NOTLAR", "GELECEGE_NOTLAR\GELECEGE_NOTLAR.csproj", "{9BC8A31F-23EC-45D0-A303-919038E1EF1C}"
EndProject
Global
	GlobalSection(SolutionConfigurationPlatforms) = preSolution
		Debug|Any CPU = Debug|Any CPU
		Release|Any CPU = Release|Any CPU
	EndGlobalSection
	GlobalSection(ProjectConfigurationPlatforms) = postSolution
		{9BC8A31F-23EC-45D0-A303-919038E1EF1C}.Debug|Any CPU.ActiveCfg = Debug|Any CPU
		{9BC8A31F-23EC-45D0-A303-919038E1EF1C}.Debug|Any CPU.Build.0 = Debug|Any CPU
		{9BC8A31F-23EC-45D0-A303-919038E1EF1C}.Release|Any CPU.ActiveCfg = Release|Any CPU
		{9BC8A31F-23EC-45D0-A303-919038E1EF1C}.Release|Any CPU.Build.0 = Release|Any CPU
	EndGlobalSection
	GlobalSection(SolutionProperties) = preSolution
		HideSolutionNode = FALSE
	EndGlobalSection
	GlobalSection(ExtensibilityGlobals) = postSolution
		SolutionGuid = {B331EB9F-B124-42E0-A0C7-022409F3905D}
	EndGlobalSection
EndGlobal
